{
  "name": "psira-fetcher",
  "version": "1.0.0",
  "lockfileVersion": 3,
  "requires": true,
  "packages": {
    "": {
      "name": "psira-fetcher",
      "version": "1.0.0",
      "dependencies": {
        "@iarna/toml": "^2.2.5",
        "orcid-parser": "^0.2.0"
      }
    },
    "node_modules/@iarna/toml": {
      "version": "2.2.5",
      "resolved": "https://registry.npmjs.org/@iarna/toml/-/toml-2.2.5.tgz",
      "integrity": "sha512-trnsAYxU3xnS1gPHPyU961coFyLkh4gAD/0zQ5mymY4yOZ+CYvsPqUbOFSw0aDM4y0tV7tiFxL/1XfXPNC6IPg==",
      "license": "ISC"
    },
    "node_modules/orcid-parser": {
      "version": "0.2.0",
      "resolved": "https://registry.npmjs.org/orcid-parser/-/orcid-parser-0.2.0.tgz",
      "integrity": "sha512-rbBXVvQHzG6/whiormuOMl0rHHI4wwtxQcJDF/i4Hlmatcrb+yUTIkaPQ1HiVka+rlof89ks6uirk6055XhSNg==",
      "license": "BSD-3-Clause"
    }
  }
}
